// !$*UTF8*$!
{
	archiveVersion = 1;
	classes = {
	};
	objectVersion = 77;
	objects = {

/* Begin PBXBuildFile section */
		0263E675A465D0F53057F9E0 /* FabPreviewView.swift in Sources */ = {isa = PBXBuildFile; fileRef = 5E4F2A05D4EA5A1F29BFE52B /* FabPreviewView.swift */; };
		032DE702E020E8A14B7B0C3D /* SchematicDocumentView.swift in Sources */ = {isa = PBXBuildFile; fileRef = D4F92C72F8B9F5C91B7FC7E3 /* SchematicDocumentView.swift */; };
		073EA5E07ACD18AF8108718F /* SchematicView.swift in Sources */ = {isa = PBXBuildFile; fileRef = 2FAB4E02DD3803D2DBA60AED /* SchematicView.swift */; };
		1151B7319A5D0B8C445615D2 /* FreeCADPanel.swift in Sources */ = {isa = PBXBuildFile; fileRef = 00B8D7CE8E36B8F8957074F4 /* FreeCADPanel.swift */; };
		1201711A1B2DABABC39539EB /* CloneRepoView.swift in Sources */ = {isa = PBXBuildFile; fileRef = ABDDB8E9A129395449463E4C /* CloneRepoView.swift */; };
		15A1EC016BFF86C4E8D7F883 /* GitHubPanel.swift in Sources */ = {isa = PBXBuildFile; fileRef = EC12969640F285D79AC5DF54 /* GitHubPanel.swift */; };
		1871BF49E7565BA3255758E7 /* LayerStack3DPanel.swift in Sources */ = {isa = PBXBuildFile; fileRef = 3A4735D055045630CC26A450 /* LayerStack3DPanel.swift */; };
		1E398B1F534A1C1627BB3D18 /* ViolationsView.swift in Sources */ = {isa = PBXBuildFile; fileRef = 5025C1A85B2BA0AD6FDEC3AD /* ViolationsView.swift */; };
		22C499541464346CE3D1A0E7 /* ProjectPanel.swift in Sources */ = {isa = PBXBuildFile; fileRef = E14C12F9038CBC34CFD91BD1 /* ProjectPanel.swift */; };
		23E8C4FD9AB46256E1095B7E /* App.swift in Sources */ = {isa = PBXBuildFile; fileRef = 864E8C963ED8B73DEF760D97 /* App.swift */; };
		24D563A90A183ACF4A88F9A5 /* LayerPanel.swift in Sources */ = {isa = PBXBuildFile; fileRef = 1316B6CB3E6A3743D2745913 /* LayerPanel.swift */; };
		2536BD38610D1FBF8406C090 /* PCBDocumentView.swift in Sources */ = {isa = PBXBuildFile; fileRef = F5867EA894D19AE8341BEFAB /* PCBDocumentView.swift */; };
		2C7EB02260C8ED08F8DEE596 /* FootprintPalette.swift in Sources */ = {isa = PBXBuildFile; fileRef = 94F0FB87125D1EB06547FCB4 /* FootprintPalette.swift */; };
		415B7F58827DDEE15B204456 /* SymbolPalette.swift in Sources */ = {isa = PBXBuildFile; fileRef = 9A91144B32A44D5063026D24 /* SymbolPalette.swift */; };
		41FDB3816CC4E0E40E7E2503 /* AppleIntelligenceViewModel.swift in Sources */ = {isa = PBXBuildFile; fileRef = 10A7C0EB3B7F26582EC006FE /* AppleIntelligenceViewModel.swift */; };
		42402A2EF08828FD90F1EB17 /* FreeCADSupportTests.swift in Sources */ = {isa = PBXBuildFile; fileRef = 3E3F851FC856276DB45B3861 /* FreeCADSupportTests.swift */; };
		44A9ADF735AD418FBA11C2B6 /* FreeCADViewModel.swift in Sources */ = {isa = PBXBuildFile; fileRef = 7957EB1D21761AC68598B17E /* FreeCADViewModel.swift */; };
		44ACB95956E821CA00F01836 /* PCBEditorView.swift in Sources */ = {isa = PBXBuildFile; fileRef = 47C13E84F69DE55282D94835 /* PCBEditorView.swift */; };
		48B65454B50413E2257AC3D1 /* GitDiffViewModel.swift in Sources */ = {isa = PBXBuildFile; fileRef = 1540C5EC138D5E459F392CCC /* GitDiffViewModel.swift */; };
		533653D83CE8363D050F9769 /* AIPanel.swift in Sources */ = {isa = PBXBuildFile; fileRef = 6E2B75B75DFC38AF7B1B1DF8 /* AIPanel.swift */; };
		57CAB8BEE1F317EB4C5564A1 /* GitHubRepoViewModel.swift in Sources */ = {isa = PBXBuildFile; fileRef = 6DA88D4A7E625508905907B6 /* GitHubRepoViewModel.swift */; };
		5B2B4FA18267CDED864F79EB /* TerminalWindow.swift in Sources */ = {isa = PBXBuildFile; fileRef = FDE1CE01C6853F58758D11A0 /* TerminalWindow.swift */; };
		67CBF5F051674E0837A0F831 /* SettingsView.swift in Sources */ = {isa = PBXBuildFile; fileRef = 3B17F6BB0B142AA7D3505994 /* SettingsView.swift */; };
		6CD36E78EFAC5729855F6799 /* PCBInspectorPanel.swift in Sources */ = {isa = PBXBuildFile; fileRef = 5710CA2BA087FFCF79DC3AEA /* PCBInspectorPanel.swift */; };
		75633FB71D7E1EA76E5F7712 /* NewProjectView.swift in Sources */ = {isa = PBXBuildFile; fileRef = 35042490820FB6EE1299A7D3 /* NewProjectView.swift */; };
		79D12883DD23B0DACBA9BEED /* PropertyEditor.swift in Sources */ = {isa = PBXBuildFile; fileRef = B52A9F1A669F8B5904FC7C15 /* PropertyEditor.swift */; };
		8524BD01CD24AF285CFC9F8E /* KiCadProDocument.swift in Sources */ = {isa = PBXBuildFile; fileRef = AF76436F69E7183829DC365D /* KiCadProDocument.swift */; };
		858F3913900E638C8B90F985 /* GitHubRepoPanel.swift in Sources */ = {isa = PBXBuildFile; fileRef = 81488C6FB0AD1E7FB0F53E2E /* GitHubRepoPanel.swift */; };
		95186AE92ED0C5FE3A328087 /* KiCadBridge.swift in Sources */ = {isa = PBXBuildFile; fileRef = 156296D04E695F91BAF0C165 /* KiCadBridge.swift */; };
		95378695B7014D44C109F75D /* GitHubLibraryViewModel.swift in Sources */ = {isa = PBXBuildFile; fileRef = DE2D2799937EB71C6D633341 /* GitHubLibraryViewModel.swift */; };
		974896398C4BEBFA2D9EC1AA /* CrossRefView.swift in Sources */ = {isa = PBXBuildFile; fileRef = 1B92690A1C5E431EBD7104F7 /* CrossRefView.swift */; };
		97E344214E931FF2FE9883E0 /* BOMWindow.swift in Sources */ = {isa = PBXBuildFile; fileRef = 37425CB9263A50480D3B3DE9 /* BOMWindow.swift */; };
		9BB96ADC975F890A27751BEB /* PCBView.swift in Sources */ = {isa = PBXBuildFile; fileRef = A2286D86D2E0389FA81DD974 /* PCBView.swift */; };
		A5372E5FB3E727D79B345B2E /* GitDiffView.swift in Sources */ = {isa = PBXBuildFile; fileRef = A7C652E7B5A6FDF686C60412 /* GitDiffView.swift */; };
		AFD7DFF104EE4F562E7366A8 /* FineFabClient.swift in Sources */ = {isa = PBXBuildFile; fileRef = EBEE03C0AF50C19ADA2C9382 /* FineFabClient.swift */; };
		B47124CC18022FAC9AEAB809 /* SchematicEditorView.swift in Sources */ = {isa = PBXBuildFile; fileRef = E62F574D0D8DBFB55A05E7DC /* SchematicEditorView.swift */; };
		C365F78F9BFC51A8C99D8463 /* AnnotationsView.swift in Sources */ = {isa = PBXBuildFile; fileRef = 06EA591C8475E00379E607DF /* AnnotationsView.swift */; };
		C4C83E0470271C8ACC403C78 /* KiCadProject.swift in Sources */ = {isa = PBXBuildFile; fileRef = B10C9FB4E19B07BB592F5443 /* KiCadProject.swift */; };
		D0D73CF21F70C2A677057B1C /* NewProjectScaffolder.swift in Sources */ = {isa = PBXBuildFile; fileRef = CDC1849AC232C224B095B2FE /* NewProjectScaffolder.swift */; };
		DF25F3179905255206EF53BB /* ComponentList.swift in Sources */ = {isa = PBXBuildFile; fileRef = E38F174EA3FBA848FFF9B414 /* ComponentList.swift */; };
		E24CF53122E4DA4D9BCA50A3 /* FineFabViewModel.swift in Sources */ = {isa = PBXBuildFile; fileRef = B4B8A75001038B112215B70A /* FineFabViewModel.swift */; };
		E52A68DF808072E7C01420B0 /* PCB3DView.swift in Sources */ = {isa = PBXBuildFile; fileRef = 701170D39C2F6BF223BA7FA7 /* PCB3DView.swift */; };
		E5EE16835B02288D56676D58 /* CommandRunner.swift in Sources */ = {isa = PBXBuildFile; fileRef = 81B7EEBFFD695B1FCC437CAB /* CommandRunner.swift */; };
		E6B72ABDA352E16D25C350EB /* CommandPaletteView.swift in Sources */ = {isa = PBXBuildFile; fileRef = 9DCC7C4165FEF0EF2E8D7390 /* CommandPaletteView.swift */; };
		E987A104E9823A2D26CC02E8 /* Assets.xcassets in Resources */ = {isa = PBXBuildFile; fileRef = 7243D9B5533087C893D5145B /* Assets.xcassets */; };
/* End PBXBuildFile section */

/* Begin PBXContainerItemProxy section */
		C6C9F6EF0C37FB4548B0802E /* PBXContainerItemProxy */ = {
			isa = PBXContainerItemProxy;
			containerPortal = 32921DFE3A34ED2F20DF9B4C /* Project object */;
			proxyType = 1;
			remoteGlobalIDString = 8934819E38EFEE2B838428F3;
			remoteInfo = MakelifeCAD;
		};
/* End PBXContainerItemProxy section */

/* Begin PBXFileReference section */
		00B8D7CE8E36B8F8957074F4 /* FreeCADPanel.swift */ = {isa = PBXFileReference; lastKnownFileType = sourcecode.swift; path = FreeCADPanel.swift; sourceTree = "<group>"; };
		06EA591C8475E00379E607DF /* AnnotationsView.swift */ = {isa = PBXFileReference; lastKnownFileType = sourcecode.swift; path = AnnotationsView.swift; sourceTree = "<group>"; };
		10A7C0EB3B7F26582EC006FE /* AppleIntelligenceViewModel.swift */ = {isa = PBXFileReference; lastKnownFileType = sourcecode.swift; path = AppleIntelligenceViewModel.swift; sourceTree = "<group>"; };
		1316B6CB3E6A3743D2745913 /* LayerPanel.swift */ = {isa = PBXFileReference; lastKnownFileType = sourcecode.swift; path = LayerPanel.swift; sourceTree = "<group>"; };
		1540C5EC138D5E459F392CCC /* GitDiffViewModel.swift */ = {isa = PBXFileReference; lastKnownFileType = sourcecode.swift; path = GitDiffViewModel.swift; sourceTree = "<group>"; };
		156296D04E695F91BAF0C165 /* KiCadBridge.swift */ = {isa = PBXFileReference; lastKnownFileType = sourcecode.swift; path = KiCadBridge.swift; sourceTree = "<group>"; };
		1B92690A1C5E431EBD7104F7 /* CrossRefView.swift */ = {isa = PBXFileReference; lastKnownFileType = sourcecode.swift; path = CrossRefView.swift; sourceTree = "<group>"; };
		2FAB4E02DD3803D2DBA60AED /* SchematicView.swift */ = {isa = PBXFileReference; lastKnownFileType = sourcecode.swift; path = SchematicView.swift; sourceTree = "<group>"; };
		35042490820FB6EE1299A7D3 /* NewProjectView.swift */ = {isa = PBXFileReference; lastKnownFileType = sourcecode.swift; path = NewProjectView.swift; sourceTree = "<group>"; };
		35C69BEED1E065868427E49A /* MakelifeCAD-Bridging-Header.h */ = {isa = PBXFileReference; lastKnownFileType = sourcecode.c.h; path = "MakelifeCAD-Bridging-Header.h"; sourceTree = "<group>"; };
		37425CB9263A50480D3B3DE9 /* BOMWindow.swift */ = {isa = PBXFileReference; lastKnownFileType = sourcecode.swift; path = BOMWindow.swift; sourceTree = "<group>"; };
		3A4735D055045630CC26A450 /* LayerStack3DPanel.swift */ = {isa = PBXFileReference; lastKnownFileType = sourcecode.swift; path = LayerStack3DPanel.swift; sourceTree = "<group>"; };
		3B17F6BB0B142AA7D3505994 /* SettingsView.swift */ = {isa = PBXFileReference; lastKnownFileType = sourcecode.swift; path = SettingsView.swift; sourceTree = "<group>"; };
		3E3F851FC856276DB45B3861 /* FreeCADSupportTests.swift */ = {isa = PBXFileReference; lastKnownFileType = sourcecode.swift; path = FreeCADSupportTests.swift; sourceTree = "<group>"; };
		47C13E84F69DE55282D94835 /* PCBEditorView.swift */ = {isa = PBXFileReference; lastKnownFileType = sourcecode.swift; path = PCBEditorView.swift; sourceTree = "<group>"; };
		5025C1A85B2BA0AD6FDEC3AD /* ViolationsView.swift */ = {isa = PBXFileReference; lastKnownFileType = sourcecode.swift; path = ViolationsView.swift; sourceTree = "<group>"; };
		51C6F72C96BDE1BF720B2C7D /* MakelifeCADTests.xctest */ = {isa = PBXFileReference; explicitFileType = wrapper.cfbundle; includeInIndex = 0; path = MakelifeCADTests.xctest; sourceTree = BUILT_PRODUCTS_DIR; };
		5710CA2BA087FFCF79DC3AEA /* PCBInspectorPanel.swift */ = {isa = PBXFileReference; lastKnownFileType = sourcecode.swift; path = PCBInspectorPanel.swift; sourceTree = "<group>"; };
		5B7073148ECB777D354CAE09 /* MakelifeCAD.app */ = {isa = PBXFileReference; explicitFileType = wrapper.application; includeInIndex = 0; path = MakelifeCAD.app; sourceTree = BUILT_PRODUCTS_DIR; };
		5E4F2A05D4EA5A1F29BFE52B /* FabPreviewView.swift */ = {isa = PBXFileReference; lastKnownFileType = sourcecode.swift; path = FabPreviewView.swift; sourceTree = "<group>"; };
		6DA88D4A7E625508905907B6 /* GitHubRepoViewModel.swift */ = {isa = PBXFileReference; lastKnownFileType = sourcecode.swift; path = GitHubRepoViewModel.swift; sourceTree = "<group>"; };
		6E2B75B75DFC38AF7B1B1DF8 /* AIPanel.swift */ = {isa = PBXFileReference; lastKnownFileType = sourcecode.swift; path = AIPanel.swift; sourceTree = "<group>"; };
		701170D39C2F6BF223BA7FA7 /* PCB3DView.swift */ = {isa = PBXFileReference; lastKnownFileType = sourcecode.swift; path = PCB3DView.swift; sourceTree = "<group>"; };
		7243D9B5533087C893D5145B /* Assets.xcassets */ = {isa = PBXFileReference; lastKnownFileType = folder.assetcatalog; path = Assets.xcassets; sourceTree = "<group>"; };
		7957EB1D21761AC68598B17E /* FreeCADViewModel.swift */ = {isa = PBXFileReference; lastKnownFileType = sourcecode.swift; path = FreeCADViewModel.swift; sourceTree = "<group>"; };
		81488C6FB0AD1E7FB0F53E2E /* GitHubRepoPanel.swift */ = {isa = PBXFileReference; lastKnownFileType = sourcecode.swift; path = GitHubRepoPanel.swift; sourceTree = "<group>"; };
		81B7EEBFFD695B1FCC437CAB /* CommandRunner.swift */ = {isa = PBXFileReference; lastKnownFileType = sourcecode.swift; path = CommandRunner.swift; sourceTree = "<group>"; };
		864E8C963ED8B73DEF760D97 /* App.swift */ = {isa = PBXFileReference; lastKnownFileType = sourcecode.swift; path = App.swift; sourceTree = "<group>"; };
		94F0FB87125D1EB06547FCB4 /* FootprintPalette.swift */ = {isa = PBXFileReference; lastKnownFileType = sourcecode.swift; path = FootprintPalette.swift; sourceTree = "<group>"; };
		9A91144B32A44D5063026D24 /* SymbolPalette.swift */ = {isa = PBXFileReference; lastKnownFileType = sourcecode.swift; path = SymbolPalette.swift; sourceTree = "<group>"; };
		9DCC7C4165FEF0EF2E8D7390 /* CommandPaletteView.swift */ = {isa = PBXFileReference; lastKnownFileType = sourcecode.swift; path = CommandPaletteView.swift; sourceTree = "<group>"; };
		A2286D86D2E0389FA81DD974 /* PCBView.swift */ = {isa = PBXFileReference; lastKnownFileType = sourcecode.swift; path = PCBView.swift; sourceTree = "<group>"; };
		A7C652E7B5A6FDF686C60412 /* GitDiffView.swift */ = {isa = PBXFileReference; lastKnownFileType = sourcecode.swift; path = GitDiffView.swift; sourceTree = "<group>"; };
		ABDDB8E9A129395449463E4C /* CloneRepoView.swift */ = {isa = PBXFileReference; lastKnownFileType = sourcecode.swift; path = CloneRepoView.swift; sourceTree = "<group>"; };
		AF76436F69E7183829DC365D /* KiCadProDocument.swift */ = {isa = PBXFileReference; lastKnownFileType = sourcecode.swift; path = KiCadProDocument.swift; sourceTree = "<group>"; };
		B10C9FB4E19B07BB592F5443 /* KiCadProject.swift */ = {isa = PBXFileReference; lastKnownFileType = sourcecode.swift; path = KiCadProject.swift; sourceTree = "<group>"; };
		B4B8A75001038B112215B70A /* FineFabViewModel.swift */ = {isa = PBXFileReference; lastKnownFileType = sourcecode.swift; path = FineFabViewModel.swift; sourceTree = "<group>"; };
		B52A9F1A669F8B5904FC7C15 /* PropertyEditor.swift */ = {isa = PBXFileReference; lastKnownFileType = sourcecode.swift; path = PropertyEditor.swift; sourceTree = "<group>"; };
		CDC1849AC232C224B095B2FE /* NewProjectScaffolder.swift */ = {isa = PBXFileReference; lastKnownFileType = sourcecode.swift; path = NewProjectScaffolder.swift; sourceTree = "<group>"; };
		D4F92C72F8B9F5C91B7FC7E3 /* SchematicDocumentView.swift */ = {isa = PBXFileReference; lastKnownFileType = sourcecode.swift; path = SchematicDocumentView.swift; sourceTree = "<group>"; };
		DE2D2799937EB71C6D633341 /* GitHubLibraryViewModel.swift */ = {isa = PBXFileReference; lastKnownFileType = sourcecode.swift; path = GitHubLibraryViewModel.swift; sourceTree = "<group>"; };
		E14C12F9038CBC34CFD91BD1 /* ProjectPanel.swift */ = {isa = PBXFileReference; lastKnownFileType = sourcecode.swift; path = ProjectPanel.swift; sourceTree = "<group>"; };
		E38F174EA3FBA848FFF9B414 /* ComponentList.swift */ = {isa = PBXFileReference; lastKnownFileType = sourcecode.swift; path = ComponentList.swift; sourceTree = "<group>"; };
		E62F574D0D8DBFB55A05E7DC /* SchematicEditorView.swift */ = {isa = PBXFileReference; lastKnownFileType = sourcecode.swift; path = SchematicEditorView.swift; sourceTree = "<group>"; };
		EBEE03C0AF50C19ADA2C9382 /* FineFabClient.swift */ = {isa = PBXFileReference; lastKnownFileType = sourcecode.swift; path = FineFabClient.swift; sourceTree = "<group>"; };
		EC12969640F285D79AC5DF54 /* GitHubPanel.swift */ = {isa = PBXFileReference; lastKnownFileType = sourcecode.swift; path = GitHubPanel.swift; sourceTree = "<group>"; };
		F5867EA894D19AE8341BEFAB /* PCBDocumentView.swift */ = {isa = PBXFileReference; lastKnownFileType = sourcecode.swift; path = PCBDocumentView.swift; sourceTree = "<group>"; };
		FDE1CE01C6853F58758D11A0 /* TerminalWindow.swift */ = {isa = PBXFileReference; lastKnownFileType = sourcecode.swift; path = TerminalWindow.swift; sourceTree = "<group>"; };
/* End PBXFileReference section */

/* Begin PBXGroup section */
		17E54BDDF7CB09422C6A17AE /* Models */ = {
			isa = PBXGroup;
			children = (
				10A7C0EB3B7F26582EC006FE /* AppleIntelligenceViewModel.swift */,
				81B7EEBFFD695B1FCC437CAB /* CommandRunner.swift */,
				EBEE03C0AF50C19ADA2C9382 /* FineFabClient.swift */,
				B4B8A75001038B112215B70A /* FineFabViewModel.swift */,
				7957EB1D21761AC68598B17E /* FreeCADViewModel.swift */,
				1540C5EC138D5E459F392CCC /* GitDiffViewModel.swift */,
				DE2D2799937EB71C6D633341 /* GitHubLibraryViewModel.swift */,
				6DA88D4A7E625508905907B6 /* GitHubRepoViewModel.swift */,
				AF76436F69E7183829DC365D /* KiCadProDocument.swift */,
				B10C9FB4E19B07BB592F5443 /* KiCadProject.swift */,
				CDC1849AC232C224B095B2FE /* NewProjectScaffolder.swift */,
			);
			path = Models;
			sourceTree = "<group>";
		};
		6C0C3B43241A12D3892E33A4 /* Products */ = {
			isa = PBXGroup;
			children = (
				5B7073148ECB777D354CAE09 /* MakelifeCAD.app */,
				51C6F72C96BDE1BF720B2C7D /* MakelifeCADTests.xctest */,
			);
			name = Products;
			sourceTree = "<group>";
		};
		86861DEF6336EBA4B5E73E77 /* Views */ = {
			isa = PBXGroup;
			children = (
				6E2B75B75DFC38AF7B1B1DF8 /* AIPanel.swift */,
				06EA591C8475E00379E607DF /* AnnotationsView.swift */,
				37425CB9263A50480D3B3DE9 /* BOMWindow.swift */,
				ABDDB8E9A129395449463E4C /* CloneRepoView.swift */,
				9DCC7C4165FEF0EF2E8D7390 /* CommandPaletteView.swift */,
				E38F174EA3FBA848FFF9B414 /* ComponentList.swift */,
				1B92690A1C5E431EBD7104F7 /* CrossRefView.swift */,
				5E4F2A05D4EA5A1F29BFE52B /* FabPreviewView.swift */,
				94F0FB87125D1EB06547FCB4 /* FootprintPalette.swift */,
				00B8D7CE8E36B8F8957074F4 /* FreeCADPanel.swift */,
				A7C652E7B5A6FDF686C60412 /* GitDiffView.swift */,
				EC12969640F285D79AC5DF54 /* GitHubPanel.swift */,
				81488C6FB0AD1E7FB0F53E2E /* GitHubRepoPanel.swift */,
				1316B6CB3E6A3743D2745913 /* LayerPanel.swift */,
				3A4735D055045630CC26A450 /* LayerStack3DPanel.swift */,
				35042490820FB6EE1299A7D3 /* NewProjectView.swift */,
				701170D39C2F6BF223BA7FA7 /* PCB3DView.swift */,
				F5867EA894D19AE8341BEFAB /* PCBDocumentView.swift */,
				47C13E84F69DE55282D94835 /* PCBEditorView.swift */,
				5710CA2BA087FFCF79DC3AEA /* PCBInspectorPanel.swift */,
				A2286D86D2E0389FA81DD974 /* PCBView.swift */,
				E14C12F9038CBC34CFD91BD1 /* ProjectPanel.swift */,
				B52A9F1A669F8B5904FC7C15 /* PropertyEditor.swift */,
				D4F92C72F8B9F5C91B7FC7E3 /* SchematicDocumentView.swift */,
				E62F574D0D8DBFB55A05E7DC /* SchematicEditorView.swift */,
				2FAB4E02DD3803D2DBA60AED /* SchematicView.swift */,
				3B17F6BB0B142AA7D3505994 /* SettingsView.swift */,
				9A91144B32A44D5063026D24 /* SymbolPalette.swift */,
				FDE1CE01C6853F58758D11A0 /* TerminalWindow.swift */,
				5025C1A85B2BA0AD6FDEC3AD /* ViolationsView.swift */,
			);
			path = Views;
			sourceTree = "<group>";
		};
		BBD2036CCAE056666F550560 /* Bridge */ = {
			isa = PBXGroup;
			children = (
				156296D04E695F91BAF0C165 /* KiCadBridge.swift */,
				35C69BEED1E065868427E49A /* MakelifeCAD-Bridging-Header.h */,
			);
			path = Bridge;
			sourceTree = "<group>";
		};
		CBEB0696CF5010820D7710AC /* MakelifeCADTests */ = {
			isa = PBXGroup;
			children = (
				3E3F851FC856276DB45B3861 /* FreeCADSupportTests.swift */,
			);
			path = MakelifeCADTests;
			sourceTree = "<group>";
		};
		EE0253740A1B189AFE13F140 = {
			isa = PBXGroup;
			children = (
				F57E416DD5A7E053A698AD37 /* MakelifeCAD */,
				CBEB0696CF5010820D7710AC /* MakelifeCADTests */,
				6C0C3B43241A12D3892E33A4 /* Products */,
			);
			sourceTree = "<group>";
		};
		F57E416DD5A7E053A698AD37 /* MakelifeCAD */ = {
			isa = PBXGroup;
			children = (
				864E8C963ED8B73DEF760D97 /* App.swift */,
				7243D9B5533087C893D5145B /* Assets.xcassets */,
				BBD2036CCAE056666F550560 /* Bridge */,
				17E54BDDF7CB09422C6A17AE /* Models */,
				86861DEF6336EBA4B5E73E77 /* Views */,
			);
			path = MakelifeCAD;
			sourceTree = "<group>";
		};
/* End PBXGroup section */

/* Begin PBXNativeTarget section */
		64A798192F4B76A89F957D94 /* MakelifeCADTests */ = {
			isa = PBXNativeTarget;
			buildConfigurationList = F2677E558BFC11E8E1FD7B67 /* Build configuration list for PBXNativeTarget "MakelifeCADTests" */;
			buildPhases = (
				AD4B1C2958715401E3CB0F98 /* Sources */,
			);
			buildRules = (
			);
			dependencies = (
				CBEB71EA2CEBE2E92ECFB8E4 /* PBXTargetDependency */,
			);
			name = MakelifeCADTests;
			packageProductDependencies = (
			);
			productName = MakelifeCADTests;
			productReference = 51C6F72C96BDE1BF720B2C7D /* MakelifeCADTests.xctest */;
			productType = "com.apple.product-type.bundle.unit-test";
		};
		8934819E38EFEE2B838428F3 /* MakelifeCAD */ = {
			isa = PBXNativeTarget;
			buildConfigurationList = B1CC4738ABCFEB2C5A6642BE /* Build configuration list for PBXNativeTarget "MakelifeCAD" */;
			buildPhases = (
				504C48FF9082F216BF9910F2 /* Sources */,
				7911511FBBD5CACA3AF1D5EB /* Resources */,
			);
			buildRules = (
			);
			dependencies = (
			);
			name = MakelifeCAD;
			packageProductDependencies = (
			);
			productName = MakelifeCAD;
			productReference = 5B7073148ECB777D354CAE09 /* MakelifeCAD.app */;
			productType = "com.apple.product-type.application";
		};
/* End PBXNativeTarget section */

/* Begin PBXProject section */
		32921DFE3A34ED2F20DF9B4C /* Project object */ = {
			isa = PBXProject;
			attributes = {
				BuildIndependentTargetsInParallel = YES;
				LastUpgradeCheck = 1430;
				TargetAttributes = {
					8934819E38EFEE2B838428F3 = {
						ProvisioningStyle = Automatic;
					};
				};
			};
			buildConfigurationList = B1D11ED2076BE3AFF316631D /* Build configuration list for PBXProject "MakelifeCAD" */;
			developmentRegion = en;
			hasScannedForEncodings = 0;
			knownRegions = (
				Base,
				en,
			);
			mainGroup = EE0253740A1B189AFE13F140;
			minimizedProjectReferenceProxies = 1;
			preferredProjectObjectVersion = 77;
			productRefGroup = 6C0C3B43241A12D3892E33A4 /* Products */;
			projectDirPath = "";
			projectRoot = "";
			targets = (
				8934819E38EFEE2B838428F3 /* MakelifeCAD */,
				64A798192F4B76A89F957D94 /* MakelifeCADTests */,
			);
		};
/* End PBXProject section */

/* Begin PBXResourcesBuildPhase section */
		7911511FBBD5CACA3AF1D5EB /* Resources */ = {
			isa = PBXResourcesBuildPhase;
			buildActionMask = 2147483647;
			files = (
				E987A104E9823A2D26CC02E8 /* Assets.xcassets in Resources */,
			);
			runOnlyForDeploymentPostprocessing = 0;
		};
/* End PBXResourcesBuildPhase section */

/* Begin PBXSourcesBuildPhase section */
		504C48FF9082F216BF9910F2 /* Sources */ = {
			isa = PBXSourcesBuildPhase;
			buildActionMask = 2147483647;
			files = (
				533653D83CE8363D050F9769 /* AIPanel.swift in Sources */,
				C365F78F9BFC51A8C99D8463 /* AnnotationsView.swift in Sources */,
				23E8C4FD9AB46256E1095B7E /* App.swift in Sources */,
				41FDB3816CC4E0E40E7E2503 /* AppleIntelligenceViewModel.swift in Sources */,
				97E344214E931FF2FE9883E0 /* BOMWindow.swift in Sources */,
				1201711A1B2DABABC39539EB /* CloneRepoView.swift in Sources */,
				E6B72ABDA352E16D25C350EB /* CommandPaletteView.swift in Sources */,
				E5EE16835B02288D56676D58 /* CommandRunner.swift in Sources */,
				DF25F3179905255206EF53BB /* ComponentList.swift in Sources */,
				974896398C4BEBFA2D9EC1AA /* CrossRefView.swift in Sources */,
				0263E675A465D0F53057F9E0 /* FabPreviewView.swift in Sources */,
				AFD7DFF104EE4F562E7366A8 /* FineFabClient.swift in Sources */,
				E24CF53122E4DA4D9BCA50A3 /* FineFabViewModel.swift in Sources */,
				2C7EB02260C8ED08F8DEE596 /* FootprintPalette.swift in Sources */,
				1151B7319A5D0B8C445615D2 /* FreeCADPanel.swift in Sources */,
				44A9ADF735AD418FBA11C2B6 /* FreeCADViewModel.swift in Sources */,
				A5372E5FB3E727D79B345B2E /* GitDiffView.swift in Sources */,
				48B65454B50413E2257AC3D1 /* GitDiffViewModel.swift in Sources */,
				95378695B7014D44C109F75D /* GitHubLibraryViewModel.swift in Sources */,
				15A1EC016BFF86C4E8D7F883 /* GitHubPanel.swift in Sources */,
				858F3913900E638C8B90F985 /* GitHubRepoPanel.swift in Sources */,
				57CAB8BEE1F317EB4C5564A1 /* GitHubRepoViewModel.swift in Sources */,
				95186AE92ED0C5FE3A328087 /* KiCadBridge.swift in Sources */,
				8524BD01CD24AF285CFC9F8E /* KiCadProDocument.swift in Sources */,
				C4C83E0470271C8ACC403C78 /* KiCadProject.swift in Sources */,
				24D563A90A183ACF4A88F9A5 /* LayerPanel.swift in Sources */,
				1871BF49E7565BA3255758E7 /* LayerStack3DPanel.swift in Sources */,
				D0D73CF21F70C2A677057B1C /* NewProjectScaffolder.swift in Sources */,
				75633FB71D7E1EA76E5F7712 /* NewProjectView.swift in Sources */,
				E52A68DF808072E7C01420B0 /* PCB3DView.swift in Sources */,
				2536BD38610D1FBF8406C090 /* PCBDocumentView.swift in Sources */,
				44ACB95956E821CA00F01836 /* PCBEditorView.swift in Sources */,
				6CD36E78EFAC5729855F6799 /* PCBInspectorPanel.swift in Sources */,
				9BB96ADC975F890A27751BEB /* PCBView.swift in Sources */,
				22C499541464346CE3D1A0E7 /* ProjectPanel.swift in Sources */,
				79D12883DD23B0DACBA9BEED /* PropertyEditor.swift in Sources */,
				032DE702E020E8A14B7B0C3D /* SchematicDocumentView.swift in Sources */,
				B47124CC18022FAC9AEAB809 /* SchematicEditorView.swift in Sources */,
				073EA5E07ACD18AF8108718F /* SchematicView.swift in Sources */,
				67CBF5F051674E0837A0F831 /* SettingsView.swift in Sources */,
				415B7F58827DDEE15B204456 /* SymbolPalette.swift in Sources */,
				5B2B4FA18267CDED864F79EB /* TerminalWindow.swift in Sources */,
				1E398B1F534A1C1627BB3D18 /* ViolationsView.swift in Sources */,
			);
			runOnlyForDeploymentPostprocessing = 0;
		};
		AD4B1C2958715401E3CB0F98 /* Sources */ = {
			isa = PBXSourcesBuildPhase;
			buildActionMask = 2147483647;
			files = (
				42402A2EF08828FD90F1EB17 /* FreeCADSupportTests.swift in Sources */,
			);
			runOnlyForDeploymentPostprocessing = 0;
		};
/* End PBXSourcesBuildPhase section */

/* Begin PBXTargetDependency section */
		CBEB71EA2CEBE2E92ECFB8E4 /* PBXTargetDependency */ = {
			isa = PBXTargetDependency;
			target = 8934819E38EFEE2B838428F3 /* MakelifeCAD */;
			targetProxy = C6C9F6EF0C37FB4548B0802E /* PBXContainerItemProxy */;
		};
/* End PBXTargetDependency section */

/* Begin XCBuildConfiguration section */
		424C55E66DDAD61AE69FB369 /* Debug */ = {
			isa = XCBuildConfiguration;
			buildSettings = {
				BUNDLE_LOADER = "$(TEST_HOST)";
				COMBINE_HIDPI_IMAGES = YES;
				GENERATE_INFOPLIST_FILE = YES;
				HEADER_SEARCH_PATHS = (
					"$(PROJECT_DIR)/../../kicad-bridge/include",
				);
				LD_RUNPATH_SEARCH_PATHS = (
					"$(inherited)",
					"@executable_path/../Frameworks",
					"@loader_path/../Frameworks",
				);
				LIBRARY_SEARCH_PATHS = (
					"$(PROJECT_DIR)/../../kicad-bridge/build",
				);
				PRODUCT_BUNDLE_IDENTIFIER = "cc.saillant.makelife-cad.tests";
				SDKROOT = macosx;
				SWIFT_VERSION = 5.10;
				TEST_HOST = "$(BUILT_PRODUCTS_DIR)/MakelifeCAD.app/Contents/MacOS/MakelifeCAD";
			};
			name = Debug;
		};
		5BD463B96A3E812216700086 /* Release */ = {
			isa = XCBuildConfiguration;
			buildSettings = {
				BUNDLE_LOADER = "$(TEST_HOST)";
				COMBINE_HIDPI_IMAGES = YES;
				GENERATE_INFOPLIST_FILE = YES;
				HEADER_SEARCH_PATHS = (
					"$(PROJECT_DIR)/../../kicad-bridge/include",
				);
				LD_RUNPATH_SEARCH_PATHS = (
					"$(inherited)",
					"@executable_path/../Frameworks",
					"@loader_path/../Frameworks",
				);
				LIBRARY_SEARCH_PATHS = (
					"$(PROJECT_DIR)/../../kicad-bridge/build",
				);
				PRODUCT_BUNDLE_IDENTIFIER = "cc.saillant.makelife-cad.tests";
				SDKROOT = macosx;
				SWIFT_VERSION = 5.10;
				TEST_HOST = "$(BUILT_PRODUCTS_DIR)/MakelifeCAD.app/Contents/MacOS/MakelifeCAD";
			};
			name = Release;
		};
		5E51BBBA8EFDEA52FE77BDA7 /* Debug */ = {
			isa = XCBuildConfiguration;
			buildSettings = {
				ASSETCATALOG_COMPILER_APPICON_NAME = AppIcon;
				CODE_SIGN_STYLE = Automatic;
				COMBINE_HIDPI_IMAGES = YES;
				CURRENT_PROJECT_VERSION = 1;
				GENERATE_INFOPLIST_FILE = YES;
				HEADER_SEARCH_PATHS = (
					"$(PROJECT_DIR)/../../kicad-bridge/include",
				);
				LD_RUNPATH_SEARCH_PATHS = (
					"$(inherited)",
					"@executable_path/../Frameworks",
				);
				LIBRARY_SEARCH_PATHS = (
					"$(PROJECT_DIR)/../../kicad-bridge/build",
				);
				MARKETING_VERSION = 0.1.0;
				OTHER_LDFLAGS = (
					"-lkicad_bridge",
				);
				PRODUCT_BUNDLE_IDENTIFIER = "cc.saillant.makelife-cad";
				PRODUCT_NAME = MakelifeCAD;
				SDKROOT = macosx;
				SWIFT_OBJC_BRIDGING_HEADER = "MakelifeCAD/Bridge/MakelifeCAD-Bridging-Header.h";
				SWIFT_VERSION = 5.10;
			};
			name = Debug;
		};
		79B63A6435DBADFEAED4FD96 /* Debug */ = {
			isa = XCBuildConfiguration;
			buildSettings = {
				ALWAYS_SEARCH_USER_PATHS = NO;
				CLANG_ANALYZER_NONNULL = YES;
				CLANG_ANALYZER_NUMBER_OBJECT_CONVERSION = YES_AGGRESSIVE;
				CLANG_CXX_LANGUAGE_STANDARD = "gnu++14";
				CLANG_CXX_LIBRARY = "libc++";
				CLANG_ENABLE_MODULES = YES;
				CLANG_ENABLE_OBJC_ARC = YES;
				CLANG_ENABLE_OBJC_WEAK = YES;
				CLANG_WARN_BLOCK_CAPTURE_AUTORELEASING = YES;
				CLANG_WARN_BOOL_CONVERSION = YES;
				CLANG_WARN_COMMA = YES;
				CLANG_WARN_CONSTANT_CONVERSION = YES;
				CLANG_WARN_DEPRECATED_OBJC_IMPLEMENTATIONS = YES;
				CLANG_WARN_DIRECT_OBJC_ISA_USAGE = YES_ERROR;
				CLANG_WARN_DOCUMENTATION_COMMENTS = YES;
				CLANG_WARN_EMPTY_BODY = YES;
				CLANG_WARN_ENUM_CONVERSION = YES;
				CLANG_WARN_INFINITE_RECURSION = YES;
				CLANG_WARN_INT_CONVERSION = YES;
				CLANG_WARN_NON_LITERAL_NULL_CONVERSION = YES;
				CLANG_WARN_OBJC_IMPLICIT_RETAIN_SELF = YES;
				CLANG_WARN_OBJC_LITERAL_CONVERSION = YES;
				CLANG_WARN_OBJC_ROOT_CLASS = YES_ERROR;
				CLANG_WARN_QUOTED_INCLUDE_IN_FRAMEWORK_HEADER = YES;
				CLANG_WARN_RANGE_LOOP_ANALYSIS = YES;
				CLANG_WARN_STRICT_PROTOTYPES = YES;
				CLANG_WARN_SUSPICIOUS_MOVE = YES;
				CLANG_WARN_UNGUARDED_AVAILABILITY = YES_AGGRESSIVE;
				CLANG_WARN_UNREACHABLE_CODE = YES;
				CLANG_WARN__DUPLICATE_METHOD_MATCH = YES;
				COPY_PHASE_STRIP = NO;
				DEBUG_INFORMATION_FORMAT = dwarf;
				ENABLE_STRICT_OBJC_MSGSEND = YES;
				ENABLE_TESTABILITY = YES;
				GCC_C_LANGUAGE_STANDARD = gnu11;
				GCC_DYNAMIC_NO_PIC = NO;
				GCC_NO_COMMON_BLOCKS = YES;
				GCC_OPTIMIZATION_LEVEL = 0;
				GCC_PREPROCESSOR_DEFINITIONS = (
					"$(inherited)",
					"DEBUG=1",
				);
				GCC_WARN_64_TO_32_BIT_CONVERSION = YES;
				GCC_WARN_ABOUT_RETURN_TYPE = YES_ERROR;
				GCC_WARN_UNDECLARED_SELECTOR = YES;
				GCC_WARN_UNINITIALIZED_AUTOS = YES_AGGRESSIVE;
				GCC_WARN_UNUSED_FUNCTION = YES;
				GCC_WARN_UNUSED_VARIABLE = YES;
				MACOSX_DEPLOYMENT_TARGET = 14.0;
				MTL_ENABLE_DEBUG_INFO = INCLUDE_SOURCE;
				MTL_FAST_MATH = YES;
				ONLY_ACTIVE_ARCH = YES;
				PRODUCT_NAME = "$(TARGET_NAME)";
				SDKROOT = macosx;
				SWIFT_ACTIVE_COMPILATION_CONDITIONS = DEBUG;
				SWIFT_OPTIMIZATION_LEVEL = "-Onone";
				SWIFT_VERSION = 5.0;
			};
			name = Debug;
		};
		8D2CEFC54D098CB22CA6E610 /* Release */ = {
			isa = XCBuildConfiguration;
			buildSettings = {
				ALWAYS_SEARCH_USER_PATHS = NO;
				CLANG_ANALYZER_NONNULL = YES;
				CLANG_ANALYZER_NUMBER_OBJECT_CONVERSION = YES_AGGRESSIVE;
				CLANG_CXX_LANGUAGE_STANDARD = "gnu++14";
				CLANG_CXX_LIBRARY = "libc++";
				CLANG_ENABLE_MODULES = YES;
				CLANG_ENABLE_OBJC_ARC = YES;
				CLANG_ENABLE_OBJC_WEAK = YES;
				CLANG_WARN_BLOCK_CAPTURE_AUTORELEASING = YES;
				CLANG_WARN_BOOL_CONVERSION = YES;
				CLANG_WARN_COMMA = YES;
				CLANG_WARN_CONSTANT_CONVERSION = YES;
				CLANG_WARN_DEPRECATED_OBJC_IMPLEMENTATIONS = YES;
				CLANG_WARN_DIRECT_OBJC_ISA_USAGE = YES_ERROR;
				CLANG_WARN_DOCUMENTATION_COMMENTS = YES;
				CLANG_WARN_EMPTY_BODY = YES;
				CLANG_WARN_ENUM_CONVERSION = YES;
				CLANG_WARN_INFINITE_RECURSION = YES;
				CLANG_WARN_INT_CONVERSION = YES;
				CLANG_WARN_NON_LITERAL_NULL_CONVERSION = YES;
				CLANG_WARN_OBJC_IMPLICIT_RETAIN_SELF = YES;
				CLANG_WARN_OBJC_LITERAL_CONVERSION = YES;
				CLANG_WARN_OBJC_ROOT_CLASS = YES_ERROR;
				CLANG_WARN_QUOTED_INCLUDE_IN_FRAMEWORK_HEADER = YES;
				CLANG_WARN_RANGE_LOOP_ANALYSIS = YES;
				CLANG_WARN_STRICT_PROTOTYPES = YES;
				CLANG_WARN_SUSPICIOUS_MOVE = YES;
				CLANG_WARN_UNGUARDED_AVAILABILITY = YES_AGGRESSIVE;
				CLANG_WARN_UNREACHABLE_CODE = YES;
				CLANG_WARN__DUPLICATE_METHOD_MATCH = YES;
				COPY_PHASE_STRIP = NO;
				DEBUG_INFORMATION_FORMAT = "dwarf-with-dsym";
				ENABLE_NS_ASSERTIONS = NO;
				ENABLE_STRICT_OBJC_MSGSEND = YES;
				GCC_C_LANGUAGE_STANDARD = gnu11;
				GCC_NO_COMMON_BLOCKS = YES;
				GCC_WARN_64_TO_32_BIT_CONVERSION = YES;
				GCC_WARN_ABOUT_RETURN_TYPE = YES_ERROR;
				GCC_WARN_UNDECLARED_SELECTOR = YES;
				GCC_WARN_UNINITIALIZED_AUTOS = YES_AGGRESSIVE;
				GCC_WARN_UNUSED_FUNCTION = YES;
				GCC_WARN_UNUSED_VARIABLE = YES;
				MACOSX_DEPLOYMENT_TARGET = 14.0;
				MTL_ENABLE_DEBUG_INFO = NO;
				MTL_FAST_MATH = YES;
				PRODUCT_NAME = "$(TARGET_NAME)";
				SDKROOT = macosx;
				SWIFT_COMPILATION_MODE = wholemodule;
				SWIFT_OPTIMIZATION_LEVEL = "-O";
				SWIFT_VERSION = 5.0;
			};
			name = Release;
		};
		F93B08254235549CCE335551 /* Release */ = {
			isa = XCBuildConfiguration;
			buildSettings = {
				ASSETCATALOG_COMPILER_APPICON_NAME = AppIcon;
				CODE_SIGN_STYLE = Automatic;
				COMBINE_HIDPI_IMAGES = YES;
				CURRENT_PROJECT_VERSION = 1;
				GENERATE_INFOPLIST_FILE = YES;
				HEADER_SEARCH_PATHS = (
					"$(PROJECT_DIR)/../../kicad-bridge/include",
				);
				LD_RUNPATH_SEARCH_PATHS = (
					"$(inherited)",
					"@executable_path/../Frameworks",
				);
				LIBRARY_SEARCH_PATHS = (
					"$(PROJECT_DIR)/../../kicad-bridge/build",
				);
				MARKETING_VERSION = 0.1.0;
				OTHER_LDFLAGS = (
					"-lkicad_bridge",
				);
				PRODUCT_BUNDLE_IDENTIFIER = "cc.saillant.makelife-cad";
				PRODUCT_NAME = MakelifeCAD;
				SDKROOT = macosx;
				SWIFT_OBJC_BRIDGING_HEADER = "MakelifeCAD/Bridge/MakelifeCAD-Bridging-Header.h";
				SWIFT_VERSION = 5.10;
			};
			name = Release;
		};
/* End XCBuildConfiguration section */

/* Begin XCConfigurationList section */
		B1CC4738ABCFEB2C5A6642BE /* Build configuration list for PBXNativeTarget "MakelifeCAD" */ = {
			isa = XCConfigurationList;
			buildConfigurations = (
				5E51BBBA8EFDEA52FE77BDA7 /* Debug */,
				F93B08254235549CCE335551 /* Release */,
			);
			defaultConfigurationIsVisible = 0;
			defaultConfigurationName = Debug;
		};
		B1D11ED2076BE3AFF316631D /* Build configuration list for PBXProject "MakelifeCAD" */ = {
			isa = XCConfigurationList;
			buildConfigurations = (
				79B63A6435DBADFEAED4FD96 /* Debug */,
				8D2CEFC54D098CB22CA6E610 /* Release */,
			);
			defaultConfigurationIsVisible = 0;
			defaultConfigurationName = Debug;
		};
		F2677E558BFC11E8E1FD7B67 /* Build configuration list for PBXNativeTarget "MakelifeCADTests" */ = {
			isa = XCConfigurationList;
			buildConfigurations = (
				424C55E66DDAD61AE69FB369 /* Debug */,
				5BD463B96A3E812216700086 /* Release */,
			);
			defaultConfigurationIsVisible = 0;
			defaultConfigurationName = Debug;
		};
/* End XCConfigurationList section */
	};
	rootObject = 32921DFE3A34ED2F20DF9B4C /* Project object */;
}
